
Microsoft Visual Studio Solution File, Format Version 12.00
# Visual Studio Version 16
VisualStudioVersion = 16.0.30503.244
MinimumVisualStudioVersion = 10.0.40219.1
Project("{FAE04EC0-301F-11D3-BF4B-00C04F79EFBC}") = "Gilbert", "Gilbert.csproj", "{AD7288EA-2568-4C9B-8D96-D5AC227548D4}"
EndProject
Global
	GlobalSection(SolutionConfigurationPlatforms) = preSolution
		Debug|Any CPU = Debug|Any CPU
		Release|Any CPU = Release|Any CPU
	EndGlobalSection
	GlobalSection(ProjectConfigurationPlatforms) = postSolution
		{AD7288EA-2568-4C9B-8D96-D5AC227548D4}.Debug|Any CPU.ActiveCfg = Debug|Any CPU
		{AD7288EA-2568-4C9B-8D96-D5AC227548D4}.Debug|Any CPU.Build.0 = Debug|Any CPU
		{AD7288EA-2568-4C9B-8D96-D5AC227548D4}.Release|Any CPU.ActiveCfg = Release|Any CPU
		{AD7288EA-2568-4C9B-8D96-D5AC227548D4}.Release|Any CPU.Build.0 = Release|Any CPU
	EndGlobalSection
	GlobalSection(SolutionProperties) = preSolution
		HideSolutionNode = FALSE
	EndGlobalSection
	GlobalSection(ExtensibilityGlobals) = postSolution
		SolutionGuid = {8AC597D4-FA02-4100-92DE-C3A1BF8F3C95}
	EndGlobalSection
EndGlobal
